
Microsoft Visual Studio Solution File, Format Version 12.00
# Visual Studio Version 16
VisualStudioVersion = 16.0.29318.209
MinimumVisualStudioVersion = 10.0.40219.1
Project("{FAE04EC0-301F-11D3-BF4B-00C04F79EFBC}") = "ToDoApp.Android", "ToDoApp\ToDoApp.Android\ToDoApp.Android.csproj", "{517DBE9D-9C1B-40E4-919D-E98070E2D3DF}"
EndProject
Project("{FAE04EC0-301F-11D3-BF4B-00C04F79EFBC}") = "ToDoApp.iOS", "ToDoApp\ToDoApp.iOS\ToDoApp.iOS.csproj", "{1535DEEA-6352-4E47-B4B7-3E25B9875C45}"
EndProject
Project("{FAE04EC0-301F-11D3-BF4B-00C04F79EFBC}") = "ToDoApp", "ToDoApp\ToDoApp\ToDoApp.csproj", "{9A0C9801-0F55-46C1-8A38-101EE80BD617}"
EndProject
Global
	GlobalSection(SolutionConfigurationPlatforms) = preSolution
		Debug|Any CPU = Debug|Any CPU
		Debug|iPhone = Debug|iPhone
		Debug|iPhoneSimulator = Debug|iPhoneSimulator
		Release|Any CPU = Release|Any CPU
		Release|iPhone = Release|iPhone
		Release|iPhoneSimulator = Release|iPhoneSimulator
	EndGlobalSection
	GlobalSection(ProjectConfigurationPlatforms) = postSolution
		{517DBE9D-9C1B-40E4-919D-E98070E2D3DF}.Debug|Any CPU.ActiveCfg = Debug|Any CPU
		{517DBE9D-9C1B-40E4-919D-E98070E2D3DF}.Debug|Any CPU.Build.0 = Debug|Any CPU
		{517DBE9D-9C1B-40E4-919D-E98070E2D3DF}.Debug|Any CPU.Deploy.0 = Debug|Any CPU
		{517DBE9D-9C1B-40E4-919D-E98070E2D3DF}.Debug|iPhone.ActiveCfg = Debug|Any CPU
		{517DBE9D-9C1B-40E4-919D-E98070E2D3DF}.Debug|iPhone.Build.0 = Debug|Any CPU
		{517DBE9D-9C1B-40E4-919D-E98070E2D3DF}.Debug|iPhone.Deploy.0 = Debug|Any CPU
		{517DBE9D-9C1B-40E4-919D-E98070E2D3DF}.Debug|iPhoneSimulator.ActiveCfg = Debug|Any CPU
		{517DBE9D-9C1B-40E4-919D-E98070E2D3DF}.Debug|iPhoneSimulator.Build.0 = Debug|Any CPU
		{517DBE9D-9C1B-40E4-919D-E98070E2D3DF}.Debug|iPhoneSimulator.Deploy.0 = Debug|Any CPU
		{517DBE9D-9C1B-40E4-919D-E98070E2D3DF}.Release|Any CPU.ActiveCfg = Release|Any CPU
		{517DBE9D-9C1B-40E4-919D-E98070E2D3DF}.Release|Any CPU.Build.0 = Release|Any CPU
		{517DBE9D-9C1B-40E4-919D-E98070E2D3DF}.Release|Any CPU.Deploy.0 = Release|Any CPU
		{517DBE9D-9C1B-40E4-919D-E98070E2D3DF}.Release|iPhone.ActiveCfg = Release|Any CPU
		{517DBE9D-9C1B-40E4-919D-E98070E2D3DF}.Release|iPhone.Build.0 = Release|Any CPU
		{517DBE9D-9C1B-40E4-919D-E98070E2D3DF}.Release|iPhone.Deploy.0 = Release|Any CPU
		{517DBE9D-9C1B-40E4-919D-E98070E2D3DF}.Release|iPhoneSimulator.ActiveCfg = Release|Any CPU
		{517DBE9D-9C1B-40E4-919D-E98070E2D3DF}.Release|iPhoneSimulator.Build.0 = Release|Any CPU
		{517DBE9D-9C1B-40E4-919D-E98070E2D3DF}.Release|iPhoneSimulator.Deploy.0 = Release|Any CPU
		{1535DEEA-6352-4E47-B4B7-3E25B9875C45}.Debug|Any CPU.ActiveCfg = Debug|iPhoneSimulator
		{1535DEEA-6352-4E47-B4B7-3E25B9875C45}.Debug|Any CPU.Build.0 = Debug|iPhoneSimulator
		{1535DEEA-6352-4E47-B4B7-3E25B9875C45}.Debug|Any CPU.Deploy.0 = Debug|iPhoneSimulator
		{1535DEEA-6352-4E47-B4B7-3E25B9875C45}.Debug|iPhone.ActiveCfg = Debug|iPhone
		{1535DEEA-6352-4E47-B4B7-3E25B9875C45}.Debug|iPhone.Build.0 = Debug|iPhone
		{1535DEEA-6352-4E47-B4B7-3E25B9875C45}.Debug|iPhone.Deploy.0 = Debug|iPhone
		{1535DEEA-6352-4E47-B4B7-3E25B9875C45}.Debug|iPhoneSimulator.ActiveCfg = Debug|iPhoneSimulator
		{1535DEEA-6352-4E47-B4B7-3E25B9875C45}.Debug|iPhoneSimulator.Build.0 = Debug|iPhoneSimulator
		{1535DEEA-6352-4E47-B4B7-3E25B9875C45}.Debug|iPhoneSimulator.Deploy.0 = Debug|iPhoneSimulator
		{1535DEEA-6352-4E47-B4B7-3E25B9875C45}.Release|Any CPU.ActiveCfg = Release|iPhone
		{1535DEEA-6352-4E47-B4B7-3E25B9875C45}.Release|Any CPU.Build.0 = Release|iPhone
		{1535DEEA-6352-4E47-B4B7-3E25B9875C45}.Release|Any CPU.Deploy.0 = Release|iPhone
		{1535DEEA-6352-4E47-B4B7-3E25B9875C45}.Release|iPhone.ActiveCfg = Release|iPhone
		{1535DEEA-6352-4E47-B4B7-3E25B9875C45}.Release|iPhone.Build.0 = Release|iPhone
		{1535DEEA-6352-4E47-B4B7-3E25B9875C45}.Release|iPhone.Deploy.0 = Release|iPhone
		{1535DEEA-6352-4E47-B4B7-3E25B9875C45}.Release|iPhoneSimulator.ActiveCfg = Release|iPhoneSimulator
		{1535DEEA-6352-4E47-B4B7-3E25B9875C45}.Release|iPhoneSimulator.Build.0 = Release|iPhoneSimulator
		{1535DEEA-6352-4E47-B4B7-3E25B9875C45}.Release|iPhoneSimulator.Deploy.0 = Release|iPhoneSimulator
		{9A0C9801-0F55-46C1-8A38-101EE80BD617}.Debug|Any CPU.ActiveCfg = Debug|Any CPU
		{9A0C9801-0F55-46C1-8A38-101EE80BD617}.Debug|Any CPU.Build.0 = Debug|Any CPU
		{9A0C9801-0F55-46C1-8A38-101EE80BD617}.Debug|Any CPU.Deploy.0 = Debug|Any CPU
		{9A0C9801-0F55-46C1-8A38-101EE80BD617}.Debug|iPhone.ActiveCfg = Debug|Any CPU
		{9A0C9801-0F55-46C1-8A38-101EE80BD617}.Debug|iPhone.Build.0 = Debug|Any CPU
		{9A0C9801-0F55-46C1-8A38-101EE80BD617}.Debug|iPhone.Deploy.0 = Debug|Any CPU
		{9A0C9801-0F55-46C1-8A38-101EE80BD617}.Debug|iPhoneSimulator.ActiveCfg = Debug|Any CPU
		{9A0C9801-0F55-46C1-8A38-101EE80BD617}.Debug|iPhoneSimulator.Build.0 = Debug|Any CPU
		{9A0C9801-0F55-46C1-8A38-101EE80BD617}.Debug|iPhoneSimulator.Deploy.0 = Debug|Any CPU
		{9A0C9801-0F55-46C1-8A38-101EE80BD617}.Release|Any CPU.ActiveCfg = Release|Any CPU
		{9A0C9801-0F55-46C1-8A38-101EE80BD617}.Release|Any CPU.Build.0 = Release|Any CPU
		{9A0C9801-0F55-46C1-8A38-101EE80BD617}.Release|Any CPU.Deploy.0 = Release|Any CPU
		{9A0C9801-0F55-46C1-8A38-101EE80BD617}.Release|iPhone.ActiveCfg = Release|Any CPU
		{9A0C9801-0F55-46C1-8A38-101EE80BD617}.Release|iPhone.Build.0 = Release|Any CPU
		{9A0C9801-0F55-46C1-8A38-101EE80BD617}.Release|iPhone.Deploy.0 = Release|Any CPU
		{9A0C9801-0F55-46C1-8A38-101EE80BD617}.Release|iPhoneSimulator.ActiveCfg = Release|Any CPU
		{9A0C9801-0F55-46C1-8A38-101EE80BD617}.Release|iPhoneSimulator.Build.0 = Release|Any CPU
		{9A0C9801-0F55-46C1-8A38-101EE80BD617}.Release|iPhoneSimulator.Deploy.0 = Release|Any CPU
	EndGlobalSection
	GlobalSection(SolutionProperties) = preSolution
		HideSolutionNode = FALSE
	EndGlobalSection
	GlobalSection(ExtensibilityGlobals) = postSolution
		SolutionGuid = {BBCD05E4-1E10-47A9-96FE-D66458EB3F46}
	EndGlobalSection
EndGlobal
