
Microsoft Visual Studio Solution File, Format Version 12.00
# Visual Studio Version 16
VisualStudioVersion = 16.0.29306.81
MinimumVisualStudioVersion = 10.0.40219.1
Project("{FAE04EC0-301F-11D3-BF4B-00C04F79EFBC}") = "ToDo-App.UWP", "ToDo-App\ToDo-App.UWP\ToDo-App.UWP.csproj", "{97D6F45B-69BE-4114-93DA-77884D3BDF56}"
EndProject
Project("{FAE04EC0-301F-11D3-BF4B-00C04F79EFBC}") = "ToDo-App.Android", "ToDo-App\ToDo-App.Android\ToDo-App.Android.csproj", "{7C588525-4EA1-4F0F-8248-4BA2E9DE66A4}"
EndProject
Project("{FAE04EC0-301F-11D3-BF4B-00C04F79EFBC}") = "ToDo-App.iOS", "ToDo-App\ToDo-App.iOS\ToDo-App.iOS.csproj", "{C09D7DE1-1A51-4EB2-9E20-39CE3EB7B930}"
EndProject
Project("{FAE04EC0-301F-11D3-BF4B-00C04F79EFBC}") = "ToDo-App.MobileAppService", "ToDo-App\ToDo-App.MobileAppService\ToDo-App.MobileAppService.csproj", "{93A628E0-CA92-4C58-826E-1BD94C807BA7}"
EndProject
Project("{FAE04EC0-301F-11D3-BF4B-00C04F79EFBC}") = "ToDo-App", "ToDo-App\ToDo-App\ToDo-App.csproj", "{9CE331CC-0CDA-4E16-85B3-1B90D8EC9346}"
EndProject
Global
	GlobalSection(SolutionConfigurationPlatforms) = preSolution
		Debug|Any CPU = Debug|Any CPU
		Debug|ARM = Debug|ARM
		Debug|iPhone = Debug|iPhone
		Debug|iPhoneSimulator = Debug|iPhoneSimulator
		Debug|x64 = Debug|x64
		Debug|x86 = Debug|x86
		Release|Any CPU = Release|Any CPU
		Release|ARM = Release|ARM
		Release|iPhone = Release|iPhone
		Release|iPhoneSimulator = Release|iPhoneSimulator
		Release|x64 = Release|x64
		Release|x86 = Release|x86
	EndGlobalSection
	GlobalSection(ProjectConfigurationPlatforms) = postSolution
		{97D6F45B-69BE-4114-93DA-77884D3BDF56}.Debug|Any CPU.ActiveCfg = Debug|x86
		{97D6F45B-69BE-4114-93DA-77884D3BDF56}.Debug|Any CPU.Build.0 = Debug|x86
		{97D6F45B-69BE-4114-93DA-77884D3BDF56}.Debug|Any CPU.Deploy.0 = Debug|x86
		{97D6F45B-69BE-4114-93DA-77884D3BDF56}.Debug|ARM.ActiveCfg = Debug|ARM
		{97D6F45B-69BE-4114-93DA-77884D3BDF56}.Debug|ARM.Build.0 = Debug|ARM
		{97D6F45B-69BE-4114-93DA-77884D3BDF56}.Debug|ARM.Deploy.0 = Debug|ARM
		{97D6F45B-69BE-4114-93DA-77884D3BDF56}.Debug|iPhone.ActiveCfg = Debug|x86
		{97D6F45B-69BE-4114-93DA-77884D3BDF56}.Debug|iPhone.Build.0 = Debug|x86
		{97D6F45B-69BE-4114-93DA-77884D3BDF56}.Debug|iPhone.Deploy.0 = Debug|x86
		{97D6F45B-69BE-4114-93DA-77884D3BDF56}.Debug|iPhoneSimulator.ActiveCfg = Debug|x86
		{97D6F45B-69BE-4114-93DA-77884D3BDF56}.Debug|iPhoneSimulator.Build.0 = Debug|x86
		{97D6F45B-69BE-4114-93DA-77884D3BDF56}.Debug|iPhoneSimulator.Deploy.0 = Debug|x86
		{97D6F45B-69BE-4114-93DA-77884D3BDF56}.Debug|x64.ActiveCfg = Debug|x64
		{97D6F45B-69BE-4114-93DA-77884D3BDF56}.Debug|x64.Build.0 = Debug|x64
		{97D6F45B-69BE-4114-93DA-77884D3BDF56}.Debug|x64.Deploy.0 = Debug|x64
		{97D6F45B-69BE-4114-93DA-77884D3BDF56}.Debug|x86.ActiveCfg = Debug|x86
		{97D6F45B-69BE-4114-93DA-77884D3BDF56}.Debug|x86.Build.0 = Debug|x86
		{97D6F45B-69BE-4114-93DA-77884D3BDF56}.Debug|x86.Deploy.0 = Debug|x86
		{97D6F45B-69BE-4114-93DA-77884D3BDF56}.Release|Any CPU.ActiveCfg = Release|x86
		{97D6F45B-69BE-4114-93DA-77884D3BDF56}.Release|Any CPU.Build.0 = Release|x86
		{97D6F45B-69BE-4114-93DA-77884D3BDF56}.Release|Any CPU.Deploy.0 = Release|x86
		{97D6F45B-69BE-4114-93DA-77884D3BDF56}.Release|ARM.ActiveCfg = Release|ARM
		{97D6F45B-69BE-4114-93DA-77884D3BDF56}.Release|ARM.Build.0 = Release|ARM
		{97D6F45B-69BE-4114-93DA-77884D3BDF56}.Release|ARM.Deploy.0 = Release|ARM
		{97D6F45B-69BE-4114-93DA-77884D3BDF56}.Release|iPhone.ActiveCfg = Release|x86
		{97D6F45B-69BE-4114-93DA-77884D3BDF56}.Release|iPhone.Build.0 = Release|x86
		{97D6F45B-69BE-4114-93DA-77884D3BDF56}.Release|iPhone.Deploy.0 = Release|x86
		{97D6F45B-69BE-4114-93DA-77884D3BDF56}.Release|iPhoneSimulator.ActiveCfg = Release|x86
		{97D6F45B-69BE-4114-93DA-77884D3BDF56}.Release|iPhoneSimulator.Build.0 = Release|x86
		{97D6F45B-69BE-4114-93DA-77884D3BDF56}.Release|iPhoneSimulator.Deploy.0 = Release|x86
		{97D6F45B-69BE-4114-93DA-77884D3BDF56}.Release|x64.ActiveCfg = Release|x64
		{97D6F45B-69BE-4114-93DA-77884D3BDF56}.Release|x64.Build.0 = Release|x64
		{97D6F45B-69BE-4114-93DA-77884D3BDF56}.Release|x64.Deploy.0 = Release|x64
		{97D6F45B-69BE-4114-93DA-77884D3BDF56}.Release|x86.ActiveCfg = Release|x86
		{97D6F45B-69BE-4114-93DA-77884D3BDF56}.Release|x86.Build.0 = Release|x86
		{97D6F45B-69BE-4114-93DA-77884D3BDF56}.Release|x86.Deploy.0 = Release|x86
		{7C588525-4EA1-4F0F-8248-4BA2E9DE66A4}.Debug|Any CPU.ActiveCfg = Debug|Any CPU
		{7C588525-4EA1-4F0F-8248-4BA2E9DE66A4}.Debug|Any CPU.Build.0 = Debug|Any CPU
		{7C588525-4EA1-4F0F-8248-4BA2E9DE66A4}.Debug|Any CPU.Deploy.0 = Debug|Any CPU
		{7C588525-4EA1-4F0F-8248-4BA2E9DE66A4}.Debug|ARM.ActiveCfg = Debug|Any CPU
		{7C588525-4EA1-4F0F-8248-4BA2E9DE66A4}.Debug|ARM.Build.0 = Debug|Any CPU
		{7C588525-4EA1-4F0F-8248-4BA2E9DE66A4}.Debug|ARM.Deploy.0 = Debug|Any CPU
		{7C588525-4EA1-4F0F-8248-4BA2E9DE66A4}.Debug|iPhone.ActiveCfg = Debug|Any CPU
		{7C588525-4EA1-4F0F-8248-4BA2E9DE66A4}.Debug|iPhone.Build.0 = Debug|Any CPU
		{7C588525-4EA1-4F0F-8248-4BA2E9DE66A4}.Debug|iPhone.Deploy.0 = Debug|Any CPU
		{7C588525-4EA1-4F0F-8248-4BA2E9DE66A4}.Debug|iPhoneSimulator.ActiveCfg = Debug|Any CPU
		{7C588525-4EA1-4F0F-8248-4BA2E9DE66A4}.Debug|iPhoneSimulator.Build.0 = Debug|Any CPU
		{7C588525-4EA1-4F0F-8248-4BA2E9DE66A4}.Debug|iPhoneSimulator.Deploy.0 = Debug|Any CPU
		{7C588525-4EA1-4F0F-8248-4BA2E9DE66A4}.Debug|x64.ActiveCfg = Debug|Any CPU
		{7C588525-4EA1-4F0F-8248-4BA2E9DE66A4}.Debug|x64.Build.0 = Debug|Any CPU
		{7C588525-4EA1-4F0F-8248-4BA2E9DE66A4}.Debug|x64.Deploy.0 = Debug|Any CPU
		{7C588525-4EA1-4F0F-8248-4BA2E9DE66A4}.Debug|x86.ActiveCfg = Debug|Any CPU
		{7C588525-4EA1-4F0F-8248-4BA2E9DE66A4}.Debug|x86.Build.0 = Debug|Any CPU
		{7C588525-4EA1-4F0F-8248-4BA2E9DE66A4}.Debug|x86.Deploy.0 = Debug|Any CPU
		{7C588525-4EA1-4F0F-8248-4BA2E9DE66A4}.Release|Any CPU.ActiveCfg = Release|Any CPU
		{7C588525-4EA1-4F0F-8248-4BA2E9DE66A4}.Release|Any CPU.Build.0 = Release|Any CPU
		{7C588525-4EA1-4F0F-8248-4BA2E9DE66A4}.Release|Any CPU.Deploy.0 = Release|Any CPU
		{7C588525-4EA1-4F0F-8248-4BA2E9DE66A4}.Release|ARM.ActiveCfg = Release|Any CPU
		{7C588525-4EA1-4F0F-8248-4BA2E9DE66A4}.Release|ARM.Build.0 = Release|Any CPU
		{7C588525-4EA1-4F0F-8248-4BA2E9DE66A4}.Release|ARM.Deploy.0 = Release|Any CPU
		{7C588525-4EA1-4F0F-8248-4BA2E9DE66A4}.Release|iPhone.ActiveCfg = Release|Any CPU
		{7C588525-4EA1-4F0F-8248-4BA2E9DE66A4}.Release|iPhone.Build.0 = Release|Any CPU
		{7C588525-4EA1-4F0F-8248-4BA2E9DE66A4}.Release|iPhone.Deploy.0 = Release|Any CPU
		{7C588525-4EA1-4F0F-8248-4BA2E9DE66A4}.Release|iPhoneSimulator.ActiveCfg = Release|Any CPU
		{7C588525-4EA1-4F0F-8248-4BA2E9DE66A4}.Release|iPhoneSimulator.Build.0 = Release|Any CPU
		{7C588525-4EA1-4F0F-8248-4BA2E9DE66A4}.Release|iPhoneSimulator.Deploy.0 = Release|Any CPU
		{7C588525-4EA1-4F0F-8248-4BA2E9DE66A4}.Release|x64.ActiveCfg = Release|Any CPU
		{7C588525-4EA1-4F0F-8248-4BA2E9DE66A4}.Release|x64.Build.0 = Release|Any CPU
		{7C588525-4EA1-4F0F-8248-4BA2E9DE66A4}.Release|x64.Deploy.0 = Release|Any CPU
		{7C588525-4EA1-4F0F-8248-4BA2E9DE66A4}.Release|x86.ActiveCfg = Release|Any CPU
		{7C588525-4EA1-4F0F-8248-4BA2E9DE66A4}.Release|x86.Build.0 = Release|Any CPU
		{7C588525-4EA1-4F0F-8248-4BA2E9DE66A4}.Release|x86.Deploy.0 = Release|Any CPU
		{C09D7DE1-1A51-4EB2-9E20-39CE3EB7B930}.Debug|Any CPU.ActiveCfg = Debug|iPhone
		{C09D7DE1-1A51-4EB2-9E20-39CE3EB7B930}.Debug|Any CPU.Build.0 = Debug|iPhone
		{C09D7DE1-1A51-4EB2-9E20-39CE3EB7B930}.Debug|Any CPU.Deploy.0 = Debug|iPhone
		{C09D7DE1-1A51-4EB2-9E20-39CE3EB7B930}.Debug|ARM.ActiveCfg = Debug|iPhoneSimulator
		{C09D7DE1-1A51-4EB2-9E20-39CE3EB7B930}.Debug|ARM.Build.0 = Debug|iPhoneSimulator
		{C09D7DE1-1A51-4EB2-9E20-39CE3EB7B930}.Debug|ARM.Deploy.0 = Debug|iPhoneSimulator
		{C09D7DE1-1A51-4EB2-9E20-39CE3EB7B930}.Debug|iPhone.ActiveCfg = Debug|iPhone
		{C09D7DE1-1A51-4EB2-9E20-39CE3EB7B930}.Debug|iPhone.Build.0 = Debug|iPhone
		{C09D7DE1-1A51-4EB2-9E20-39CE3EB7B930}.Debug|iPhone.Deploy.0 = Debug|iPhone
		{C09D7DE1-1A51-4EB2-9E20-39CE3EB7B930}.Debug|iPhoneSimulator.ActiveCfg = Debug|iPhoneSimulator
		{C09D7DE1-1A51-4EB2-9E20-39CE3EB7B930}.Debug|iPhoneSimulator.Build.0 = Debug|iPhoneSimulator
		{C09D7DE1-1A51-4EB2-9E20-39CE3EB7B930}.Debug|iPhoneSimulator.Deploy.0 = Debug|iPhoneSimulator
		{C09D7DE1-1A51-4EB2-9E20-39CE3EB7B930}.Debug|x64.ActiveCfg = Debug|iPhone
		{C09D7DE1-1A51-4EB2-9E20-39CE3EB7B930}.Debug|x64.Build.0 = Debug|iPhone
		{C09D7DE1-1A51-4EB2-9E20-39CE3EB7B930}.Debug|x64.Deploy.0 = Debug|iPhone
		{C09D7DE1-1A51-4EB2-9E20-39CE3EB7B930}.Debug|x86.ActiveCfg = Debug|iPhone
		{C09D7DE1-1A51-4EB2-9E20-39CE3EB7B930}.Debug|x86.Build.0 = Debug|iPhone
		{C09D7DE1-1A51-4EB2-9E20-39CE3EB7B930}.Debug|x86.Deploy.0 = Debug|iPhone
		{C09D7DE1-1A51-4EB2-9E20-39CE3EB7B930}.Release|Any CPU.ActiveCfg = Release|iPhone
		{C09D7DE1-1A51-4EB2-9E20-39CE3EB7B930}.Release|Any CPU.Build.0 = Release|iPhone
		{C09D7DE1-1A51-4EB2-9E20-39CE3EB7B930}.Release|Any CPU.Deploy.0 = Release|iPhone
		{C09D7DE1-1A51-4EB2-9E20-39CE3EB7B930}.Release|ARM.ActiveCfg = Release|iPhone
		{C09D7DE1-1A51-4EB2-9E20-39CE3EB7B930}.Release|ARM.Build.0 = Release|iPhone
		{C09D7DE1-1A51-4EB2-9E20-39CE3EB7B930}.Release|ARM.Deploy.0 = Release|iPhone
		{C09D7DE1-1A51-4EB2-9E20-39CE3EB7B930}.Release|iPhone.ActiveCfg = Release|iPhone
		{C09D7DE1-1A51-4EB2-9E20-39CE3EB7B930}.Release|iPhone.Build.0 = Release|iPhone
		{C09D7DE1-1A51-4EB2-9E20-39CE3EB7B930}.Release|iPhone.Deploy.0 = Release|iPhone
		{C09D7DE1-1A51-4EB2-9E20-39CE3EB7B930}.Release|iPhoneSimulator.ActiveCfg = Release|iPhoneSimulator
		{C09D7DE1-1A51-4EB2-9E20-39CE3EB7B930}.Release|iPhoneSimulator.Build.0 = Release|iPhoneSimulator
		{C09D7DE1-1A51-4EB2-9E20-39CE3EB7B930}.Release|iPhoneSimulator.Deploy.0 = Release|iPhoneSimulator
		{C09D7DE1-1A51-4EB2-9E20-39CE3EB7B930}.Release|x64.ActiveCfg = Release|iPhone
		{C09D7DE1-1A51-4EB2-9E20-39CE3EB7B930}.Release|x64.Build.0 = Release|iPhone
		{C09D7DE1-1A51-4EB2-9E20-39CE3EB7B930}.Release|x64.Deploy.0 = Release|iPhone
		{C09D7DE1-1A51-4EB2-9E20-39CE3EB7B930}.Release|x86.ActiveCfg = Release|iPhone
		{C09D7DE1-1A51-4EB2-9E20-39CE3EB7B930}.Release|x86.Build.0 = Release|iPhone
		{C09D7DE1-1A51-4EB2-9E20-39CE3EB7B930}.Release|x86.Deploy.0 = Release|iPhone
		{93A628E0-CA92-4C58-826E-1BD94C807BA7}.Debug|Any CPU.ActiveCfg = Debug|Any CPU
		{93A628E0-CA92-4C58-826E-1BD94C807BA7}.Debug|Any CPU.Build.0 = Debug|Any CPU
		{93A628E0-CA92-4C58-826E-1BD94C807BA7}.Debug|Any CPU.Deploy.0 = Debug|Any CPU
		{93A628E0-CA92-4C58-826E-1BD94C807BA7}.Debug|ARM.ActiveCfg = Debug|Any CPU
		{93A628E0-CA92-4C58-826E-1BD94C807BA7}.Debug|ARM.Build.0 = Debug|Any CPU
		{93A628E0-CA92-4C58-826E-1BD94C807BA7}.Debug|ARM.Deploy.0 = Debug|Any CPU
		{93A628E0-CA92-4C58-826E-1BD94C807BA7}.Debug|iPhone.ActiveCfg = Debug|Any CPU
		{93A628E0-CA92-4C58-826E-1BD94C807BA7}.Debug|iPhone.Build.0 = Debug|Any CPU
		{93A628E0-CA92-4C58-826E-1BD94C807BA7}.Debug|iPhone.Deploy.0 = Debug|Any CPU
		{93A628E0-CA92-4C58-826E-1BD94C807BA7}.Debug|iPhoneSimulator.ActiveCfg = Debug|Any CPU
		{93A628E0-CA92-4C58-826E-1BD94C807BA7}.Debug|iPhoneSimulator.Build.0 = Debug|Any CPU
		{93A628E0-CA92-4C58-826E-1BD94C807BA7}.Debug|iPhoneSimulator.Deploy.0 = Debug|Any CPU
		{93A628E0-CA92-4C58-826E-1BD94C807BA7}.Debug|x64.ActiveCfg = Debug|Any CPU
		{93A628E0-CA92-4C58-826E-1BD94C807BA7}.Debug|x64.Build.0 = Debug|Any CPU
		{93A628E0-CA92-4C58-826E-1BD94C807BA7}.Debug|x64.Deploy.0 = Debug|Any CPU
		{93A628E0-CA92-4C58-826E-1BD94C807BA7}.Debug|x86.ActiveCfg = Debug|Any CPU
		{93A628E0-CA92-4C58-826E-1BD94C807BA7}.Debug|x86.Build.0 = Debug|Any CPU
		{93A628E0-CA92-4C58-826E-1BD94C807BA7}.Debug|x86.Deploy.0 = Debug|Any CPU
		{93A628E0-CA92-4C58-826E-1BD94C807BA7}.Release|Any CPU.ActiveCfg = Release|Any CPU
		{93A628E0-CA92-4C58-826E-1BD94C807BA7}.Release|Any CPU.Build.0 = Release|Any CPU
		{93A628E0-CA92-4C58-826E-1BD94C807BA7}.Release|Any CPU.Deploy.0 = Release|Any CPU
		{93A628E0-CA92-4C58-826E-1BD94C807BA7}.Release|ARM.ActiveCfg = Release|Any CPU
		{93A628E0-CA92-4C58-826E-1BD94C807BA7}.Release|ARM.Build.0 = Release|Any CPU
		{93A628E0-CA92-4C58-826E-1BD94C807BA7}.Release|ARM.Deploy.0 = Release|Any CPU
		{93A628E0-CA92-4C58-826E-1BD94C807BA7}.Release|iPhone.ActiveCfg = Release|Any CPU
		{93A628E0-CA92-4C58-826E-1BD94C807BA7}.Release|iPhone.Build.0 = Release|Any CPU
		{93A628E0-CA92-4C58-826E-1BD94C807BA7}.Release|iPhone.Deploy.0 = Release|Any CPU
		{93A628E0-CA92-4C58-826E-1BD94C807BA7}.Release|iPhoneSimulator.ActiveCfg = Release|Any CPU
		{93A628E0-CA92-4C58-826E-1BD94C807BA7}.Release|iPhoneSimulator.Build.0 = Release|Any CPU
		{93A628E0-CA92-4C58-826E-1BD94C807BA7}.Release|iPhoneSimulator.Deploy.0 = Release|Any CPU
		{93A628E0-CA92-4C58-826E-1BD94C807BA7}.Release|x64.ActiveCfg = Release|Any CPU
		{93A628E0-CA92-4C58-826E-1BD94C807BA7}.Release|x64.Build.0 = Release|Any CPU
		{93A628E0-CA92-4C58-826E-1BD94C807BA7}.Release|x64.Deploy.0 = Release|Any CPU
		{93A628E0-CA92-4C58-826E-1BD94C807BA7}.Release|x86.ActiveCfg = Release|Any CPU
		{93A628E0-CA92-4C58-826E-1BD94C807BA7}.Release|x86.Build.0 = Release|Any CPU
		{93A628E0-CA92-4C58-826E-1BD94C807BA7}.Release|x86.Deploy.0 = Release|Any CPU
		{9CE331CC-0CDA-4E16-85B3-1B90D8EC9346}.Debug|Any CPU.ActiveCfg = Debug|Any CPU
		{9CE331CC-0CDA-4E16-85B3-1B90D8EC9346}.Debug|Any CPU.Build.0 = Debug|Any CPU
		{9CE331CC-0CDA-4E16-85B3-1B90D8EC9346}.Debug|Any CPU.Deploy.0 = Debug|Any CPU
		{9CE331CC-0CDA-4E16-85B3-1B90D8EC9346}.Debug|ARM.ActiveCfg = Debug|Any CPU
		{9CE331CC-0CDA-4E16-85B3-1B90D8EC9346}.Debug|ARM.Build.0 = Debug|Any CPU
		{9CE331CC-0CDA-4E16-85B3-1B90D8EC9346}.Debug|ARM.Deploy.0 = Debug|Any CPU
		{9CE331CC-0CDA-4E16-85B3-1B90D8EC9346}.Debug|iPhone.ActiveCfg = Debug|Any CPU
		{9CE331CC-0CDA-4E16-85B3-1B90D8EC9346}.Debug|iPhone.Build.0 = Debug|Any CPU
		{9CE331CC-0CDA-4E16-85B3-1B90D8EC9346}.Debug|iPhone.Deploy.0 = Debug|Any CPU
		{9CE331CC-0CDA-4E16-85B3-1B90D8EC9346}.Debug|iPhoneSimulator.ActiveCfg = Debug|Any CPU
		{9CE331CC-0CDA-4E16-85B3-1B90D8EC9346}.Debug|iPhoneSimulator.Build.0 = Debug|Any CPU
		{9CE331CC-0CDA-4E16-85B3-1B90D8EC9346}.Debug|iPhoneSimulator.Deploy.0 = Debug|Any CPU
		{9CE331CC-0CDA-4E16-85B3-1B90D8EC9346}.Debug|x64.ActiveCfg = Debug|Any CPU
		{9CE331CC-0CDA-4E16-85B3-1B90D8EC9346}.Debug|x64.Build.0 = Debug|Any CPU
		{9CE331CC-0CDA-4E16-85B3-1B90D8EC9346}.Debug|x64.Deploy.0 = Debug|Any CPU
		{9CE331CC-0CDA-4E16-85B3-1B90D8EC9346}.Debug|x86.ActiveCfg = Debug|Any CPU
		{9CE331CC-0CDA-4E16-85B3-1B90D8EC9346}.Debug|x86.Build.0 = Debug|Any CPU
		{9CE331CC-0CDA-4E16-85B3-1B90D8EC9346}.Debug|x86.Deploy.0 = Debug|Any CPU
		{9CE331CC-0CDA-4E16-85B3-1B90D8EC9346}.Release|Any CPU.ActiveCfg = Release|Any CPU
		{9CE331CC-0CDA-4E16-85B3-1B90D8EC9346}.Release|Any CPU.Build.0 = Release|Any CPU
		{9CE331CC-0CDA-4E16-85B3-1B90D8EC9346}.Release|Any CPU.Deploy.0 = Release|Any CPU
		{9CE331CC-0CDA-4E16-85B3-1B90D8EC9346}.Release|ARM.ActiveCfg = Release|Any CPU
		{9CE331CC-0CDA-4E16-85B3-1B90D8EC9346}.Release|ARM.Build.0 = Release|Any CPU
		{9CE331CC-0CDA-4E16-85B3-1B90D8EC9346}.Release|ARM.Deploy.0 = Release|Any CPU
		{9CE331CC-0CDA-4E16-85B3-1B90D8EC9346}.Release|iPhone.ActiveCfg = Release|Any CPU
		{9CE331CC-0CDA-4E16-85B3-1B90D8EC9346}.Release|iPhone.Build.0 = Release|Any CPU
		{9CE331CC-0CDA-4E16-85B3-1B90D8EC9346}.Release|iPhone.Deploy.0 = Release|Any CPU
		{9CE331CC-0CDA-4E16-85B3-1B90D8EC9346}.Release|iPhoneSimulator.ActiveCfg = Release|Any CPU
		{9CE331CC-0CDA-4E16-85B3-1B90D8EC9346}.Release|iPhoneSimulator.Build.0 = Release|Any CPU
		{9CE331CC-0CDA-4E16-85B3-1B90D8EC9346}.Release|iPhoneSimulator.Deploy.0 = Release|Any CPU
		{9CE331CC-0CDA-4E16-85B3-1B90D8EC9346}.Release|x64.ActiveCfg = Release|Any CPU
		{9CE331CC-0CDA-4E16-85B3-1B90D8EC9346}.Release|x64.Build.0 = Release|Any CPU
		{9CE331CC-0CDA-4E16-85B3-1B90D8EC9346}.Release|x64.Deploy.0 = Release|Any CPU
		{9CE331CC-0CDA-4E16-85B3-1B90D8EC9346}.Release|x86.ActiveCfg = Release|Any CPU
		{9CE331CC-0CDA-4E16-85B3-1B90D8EC9346}.Release|x86.Build.0 = Release|Any CPU
		{9CE331CC-0CDA-4E16-85B3-1B90D8EC9346}.Release|x86.Deploy.0 = Release|Any CPU
	EndGlobalSection
	GlobalSection(SolutionProperties) = preSolution
		HideSolutionNode = FALSE
	EndGlobalSection
	GlobalSection(ExtensibilityGlobals) = postSolution
		SolutionGuid = {4AAD9BC9-D59F-4304-8C27-04605C6C705C}
	EndGlobalSection
EndGlobal
